
Microsoft Visual Studio Solution File, Format Version 12.00
Project("{FAE04EC0-301F-11D3-BF4B-00C04F79EFBC}") = "WpfApp13", "WpfApp13\WpfApp13.csproj", "{1CF9E4F9-CDEE-4EA5-862A-232C6A56FB4F}"
EndProject
Global
	GlobalSection(SolutionConfigurationPlatforms) = preSolution
		Debug|Any CPU = Debug|Any CPU
		Release|Any CPU = Release|Any CPU
	EndGlobalSection
	GlobalSection(ProjectConfigurationPlatforms) = postSolution
		{1CF9E4F9-CDEE-4EA5-862A-232C6A56FB4F}.Debug|Any CPU.ActiveCfg = Debug|Any CPU
		{1CF9E4F9-CDEE-4EA5-862A-232C6A56FB4F}.Debug|Any CPU.Build.0 = Debug|Any CPU
		{1CF9E4F9-CDEE-4EA5-862A-232C6A56FB4F}.Release|Any CPU.ActiveCfg = Release|Any CPU
		{1CF9E4F9-CDEE-4EA5-862A-232C6A56FB4F}.Release|Any CPU.Build.0 = Release|Any CPU
	EndGlobalSection
EndGlobal
